
Microsoft Visual Studio Solution File, Format Version 12.00
# Visual Studio Version 17
VisualStudioVersion = 17.5.33530.505
MinimumVisualStudioVersion = 10.0.40219.1
Project("{9A19103F-16F7-4668-BE54-9A1E7A4F7556}") = "MES", "MES\MES.csproj", "{CBC6E856-596B-442A-8E93-FD4656395847}"
EndProject
Project("{9A19103F-16F7-4668-BE54-9A1E7A4F7556}") = "MES.Client", "MES.Client\MES.Client.csproj", "{525BF2D3-72BB-4E69-B7C0-F250A7A54C64}"
EndProject
Project("{9A19103F-16F7-4668-BE54-9A1E7A4F7556}") = "MES.Administration", "MES.Administration\MES.Administration.csproj", "{129157E7-A083-4851-974E-80C2BF4B0463}"
EndProject
Global
	GlobalSection(SolutionConfigurationPlatforms) = preSolution
		Debug|Any CPU = Debug|Any CPU
		Release|Any CPU = Release|Any CPU
	EndGlobalSection
	GlobalSection(ProjectConfigurationPlatforms) = postSolution
		{CBC6E856-596B-442A-8E93-FD4656395847}.Debug|Any CPU.ActiveCfg = Debug|Any CPU
		{CBC6E856-596B-442A-8E93-FD4656395847}.Debug|Any CPU.Build.0 = Debug|Any CPU
		{CBC6E856-596B-442A-8E93-FD4656395847}.Release|Any CPU.ActiveCfg = Release|Any CPU
		{CBC6E856-596B-442A-8E93-FD4656395847}.Release|Any CPU.Build.0 = Release|Any CPU
		{525BF2D3-72BB-4E69-B7C0-F250A7A54C64}.Debug|Any CPU.ActiveCfg = Debug|Any CPU
		{525BF2D3-72BB-4E69-B7C0-F250A7A54C64}.Debug|Any CPU.Build.0 = Debug|Any CPU
		{525BF2D3-72BB-4E69-B7C0-F250A7A54C64}.Debug|Any CPU.Deploy.0 = Debug|Any CPU
		{525BF2D3-72BB-4E69-B7C0-F250A7A54C64}.Release|Any CPU.ActiveCfg = Release|Any CPU
		{525BF2D3-72BB-4E69-B7C0-F250A7A54C64}.Release|Any CPU.Build.0 = Release|Any CPU
		{525BF2D3-72BB-4E69-B7C0-F250A7A54C64}.Release|Any CPU.Deploy.0 = Release|Any CPU
		{129157E7-A083-4851-974E-80C2BF4B0463}.Debug|Any CPU.ActiveCfg = Debug|Any CPU
		{129157E7-A083-4851-974E-80C2BF4B0463}.Debug|Any CPU.Build.0 = Debug|Any CPU
		{129157E7-A083-4851-974E-80C2BF4B0463}.Debug|Any CPU.Deploy.0 = Debug|Any CPU
		{129157E7-A083-4851-974E-80C2BF4B0463}.Release|Any CPU.ActiveCfg = Release|Any CPU
		{129157E7-A083-4851-974E-80C2BF4B0463}.Release|Any CPU.Build.0 = Release|Any CPU
		{129157E7-A083-4851-974E-80C2BF4B0463}.Release|Any CPU.Deploy.0 = Release|Any CPU
	EndGlobalSection
	GlobalSection(SolutionProperties) = preSolution
		HideSolutionNode = FALSE
	EndGlobalSection
	GlobalSection(ExtensibilityGlobals) = postSolution
		SolutionGuid = {933F6708-7006-4544-9B47-40F721FA8B64}
	EndGlobalSection
EndGlobal
